
Microsoft Visual Studio Solution File, Format Version 12.00
# Visual Studio Version 16
VisualStudioVersion = 16.0.29806.167
MinimumVisualStudioVersion = 15.0.26124.0
Project("{9A19103F-16F7-4668-BE54-9A1E7A4F7556}") = "BrokerMQ.Tests", "BrokerMQ.Tests\BrokerMQ.Tests.csproj", "{EDE65885-3A20-4A11-93C8-90E7EBF5B800}"
EndProject
Project("{9A19103F-16F7-4668-BE54-9A1E7A4F7556}") = "harness", "harness\harness.csproj", "{7253C714-D249-43B0-B4B3-96D3208BB04C}"
EndProject
Project("{9A19103F-16F7-4668-BE54-9A1E7A4F7556}") = "BrokerMQ.RabbitMq", "BrokerMQ.RabbitMq\BrokerMQ.RabbitMq.csproj", "{DE6322C1-CE29-4158-9A5F-36963B20AD23}"
EndProject
Project("{9A19103F-16F7-4668-BE54-9A1E7A4F7556}") = "BrokerMQ", "BrokerMQ\BrokerMQ.csproj", "{5D7EEACE-7ACF-48E8-A23F-5F9776C2BD3B}"
EndProject
Global
	GlobalSection(SolutionConfigurationPlatforms) = preSolution
		Debug|Any CPU = Debug|Any CPU
		Debug|x64 = Debug|x64
		Debug|x86 = Debug|x86
		Release|Any CPU = Release|Any CPU
		Release|x64 = Release|x64
		Release|x86 = Release|x86
	EndGlobalSection
	GlobalSection(ProjectConfigurationPlatforms) = postSolution
		{EDE65885-3A20-4A11-93C8-90E7EBF5B800}.Debug|Any CPU.ActiveCfg = Debug|Any CPU
		{EDE65885-3A20-4A11-93C8-90E7EBF5B800}.Debug|Any CPU.Build.0 = Debug|Any CPU
		{EDE65885-3A20-4A11-93C8-90E7EBF5B800}.Debug|x64.ActiveCfg = Debug|Any CPU
		{EDE65885-3A20-4A11-93C8-90E7EBF5B800}.Debug|x64.Build.0 = Debug|Any CPU
		{EDE65885-3A20-4A11-93C8-90E7EBF5B800}.Debug|x86.ActiveCfg = Debug|Any CPU
		{EDE65885-3A20-4A11-93C8-90E7EBF5B800}.Debug|x86.Build.0 = Debug|Any CPU
		{EDE65885-3A20-4A11-93C8-90E7EBF5B800}.Release|Any CPU.ActiveCfg = Release|Any CPU
		{EDE65885-3A20-4A11-93C8-90E7EBF5B800}.Release|Any CPU.Build.0 = Release|Any CPU
		{EDE65885-3A20-4A11-93C8-90E7EBF5B800}.Release|x64.ActiveCfg = Release|Any CPU
		{EDE65885-3A20-4A11-93C8-90E7EBF5B800}.Release|x64.Build.0 = Release|Any CPU
		{EDE65885-3A20-4A11-93C8-90E7EBF5B800}.Release|x86.ActiveCfg = Release|Any CPU
		{EDE65885-3A20-4A11-93C8-90E7EBF5B800}.Release|x86.Build.0 = Release|Any CPU
		{7253C714-D249-43B0-B4B3-96D3208BB04C}.Debug|Any CPU.ActiveCfg = Debug|Any CPU
		{7253C714-D249-43B0-B4B3-96D3208BB04C}.Debug|Any CPU.Build.0 = Debug|Any CPU
		{7253C714-D249-43B0-B4B3-96D3208BB04C}.Debug|x64.ActiveCfg = Debug|Any CPU
		{7253C714-D249-43B0-B4B3-96D3208BB04C}.Debug|x64.Build.0 = Debug|Any CPU
		{7253C714-D249-43B0-B4B3-96D3208BB04C}.Debug|x86.ActiveCfg = Debug|Any CPU
		{7253C714-D249-43B0-B4B3-96D3208BB04C}.Debug|x86.Build.0 = Debug|Any CPU
		{7253C714-D249-43B0-B4B3-96D3208BB04C}.Release|Any CPU.ActiveCfg = Release|Any CPU
		{7253C714-D249-43B0-B4B3-96D3208BB04C}.Release|Any CPU.Build.0 = Release|Any CPU
		{7253C714-D249-43B0-B4B3-96D3208BB04C}.Release|x64.ActiveCfg = Release|Any CPU
		{7253C714-D249-43B0-B4B3-96D3208BB04C}.Release|x64.Build.0 = Release|Any CPU
		{7253C714-D249-43B0-B4B3-96D3208BB04C}.Release|x86.ActiveCfg = Release|Any CPU
		{7253C714-D249-43B0-B4B3-96D3208BB04C}.Release|x86.Build.0 = Release|Any CPU
		{DE6322C1-CE29-4158-9A5F-36963B20AD23}.Debug|Any CPU.ActiveCfg = Debug|Any CPU
		{DE6322C1-CE29-4158-9A5F-36963B20AD23}.Debug|Any CPU.Build.0 = Debug|Any CPU
		{DE6322C1-CE29-4158-9A5F-36963B20AD23}.Debug|x64.ActiveCfg = Debug|Any CPU
		{DE6322C1-CE29-4158-9A5F-36963B20AD23}.Debug|x64.Build.0 = Debug|Any CPU
		{DE6322C1-CE29-4158-9A5F-36963B20AD23}.Debug|x86.ActiveCfg = Debug|Any CPU
		{DE6322C1-CE29-4158-9A5F-36963B20AD23}.Debug|x86.Build.0 = Debug|Any CPU
		{DE6322C1-CE29-4158-9A5F-36963B20AD23}.Release|Any CPU.ActiveCfg = Release|Any CPU
		{DE6322C1-CE29-4158-9A5F-36963B20AD23}.Release|Any CPU.Build.0 = Release|Any CPU
		{DE6322C1-CE29-4158-9A5F-36963B20AD23}.Release|x64.ActiveCfg = Release|Any CPU
		{DE6322C1-CE29-4158-9A5F-36963B20AD23}.Release|x64.Build.0 = Release|Any CPU
		{DE6322C1-CE29-4158-9A5F-36963B20AD23}.Release|x86.ActiveCfg = Release|Any CPU
		{DE6322C1-CE29-4158-9A5F-36963B20AD23}.Release|x86.Build.0 = Release|Any CPU
		{5D7EEACE-7ACF-48E8-A23F-5F9776C2BD3B}.Debug|Any CPU.ActiveCfg = Debug|Any CPU
		{5D7EEACE-7ACF-48E8-A23F-5F9776C2BD3B}.Debug|Any CPU.Build.0 = Debug|Any CPU
		{5D7EEACE-7ACF-48E8-A23F-5F9776C2BD3B}.Debug|x64.ActiveCfg = Debug|Any CPU
		{5D7EEACE-7ACF-48E8-A23F-5F9776C2BD3B}.Debug|x64.Build.0 = Debug|Any CPU
		{5D7EEACE-7ACF-48E8-A23F-5F9776C2BD3B}.Debug|x86.ActiveCfg = Debug|Any CPU
		{5D7EEACE-7ACF-48E8-A23F-5F9776C2BD3B}.Debug|x86.Build.0 = Debug|Any CPU
		{5D7EEACE-7ACF-48E8-A23F-5F9776C2BD3B}.Release|Any CPU.ActiveCfg = Release|Any CPU
		{5D7EEACE-7ACF-48E8-A23F-5F9776C2BD3B}.Release|Any CPU.Build.0 = Release|Any CPU
		{5D7EEACE-7ACF-48E8-A23F-5F9776C2BD3B}.Release|x64.ActiveCfg = Release|Any CPU
		{5D7EEACE-7ACF-48E8-A23F-5F9776C2BD3B}.Release|x64.Build.0 = Release|Any CPU
		{5D7EEACE-7ACF-48E8-A23F-5F9776C2BD3B}.Release|x86.ActiveCfg = Release|Any CPU
		{5D7EEACE-7ACF-48E8-A23F-5F9776C2BD3B}.Release|x86.Build.0 = Release|Any CPU
	EndGlobalSection
	GlobalSection(SolutionProperties) = preSolution
		HideSolutionNode = FALSE
	EndGlobalSection
	GlobalSection(ExtensibilityGlobals) = postSolution
		SolutionGuid = {DFC28E2B-2B0E-4081-9AE8-C6CF13370A2F}
	EndGlobalSection
EndGlobal
