
Microsoft Visual Studio Solution File, Format Version 12.00
# Visual Studio Version 16
VisualStudioVersion = 16.0.29806.167
MinimumVisualStudioVersion = 15.0.26124.0
Project("{2150E333-8FDC-42A3-9474-1A3956D46DE8}") = "Examples", "Examples", "{5830BBED-9589-43AB-B7C3-F6882F3B1AC3}"
EndProject
Project("{9A19103F-16F7-4668-BE54-9A1E7A4F7556}") = "SimpleHarness", "Examples\SimpleHarness\SimpleHarness.csproj", "{31B4C50A-28F3-476B-81AF-09606DDCFDEE}"
EndProject
Project("{2150E333-8FDC-42A3-9474-1A3956D46DE8}") = "NugetComponents", "NugetComponents", "{6B4D32A0-0652-42ED-95A3-2BE7795A965F}"
EndProject
Project("{9A19103F-16F7-4668-BE54-9A1E7A4F7556}") = "SimplyFi.MQ.Core", "NugetComponents\SimplyFi.MQ\SimplyFi.MQ.Core.csproj", "{C952712D-BB17-4973-B871-A13F7AB754AA}"
EndProject
Project("{9A19103F-16F7-4668-BE54-9A1E7A4F7556}") = "SimplyFi.MQ.Connectors.RabbitMq", "NugetComponents\Connectors\SimplyFi.MQ.Connectors.RabbitMQ\SimplyFi.MQ.Connectors.RabbitMq.csproj", "{174C4F5E-030A-4E2E-AF0A-4BC8D03E86F4}"
EndProject
Project("{9A19103F-16F7-4668-BE54-9A1E7A4F7556}") = "SimplyFi.MQ.Tests", "SimplyFi.MQ.Tests\SimplyFi.MQ.Tests.csproj", "{7A83E482-561D-4A0F-A501-82940EC307E5}"
EndProject
Global
	GlobalSection(SolutionConfigurationPlatforms) = preSolution
		Debug|Any CPU = Debug|Any CPU
		Debug|x64 = Debug|x64
		Debug|x86 = Debug|x86
		Release|Any CPU = Release|Any CPU
		Release|x64 = Release|x64
		Release|x86 = Release|x86
	EndGlobalSection
	GlobalSection(ProjectConfigurationPlatforms) = postSolution
		{31B4C50A-28F3-476B-81AF-09606DDCFDEE}.Debug|Any CPU.ActiveCfg = Debug|Any CPU
		{31B4C50A-28F3-476B-81AF-09606DDCFDEE}.Debug|Any CPU.Build.0 = Debug|Any CPU
		{31B4C50A-28F3-476B-81AF-09606DDCFDEE}.Debug|x64.ActiveCfg = Debug|Any CPU
		{31B4C50A-28F3-476B-81AF-09606DDCFDEE}.Debug|x64.Build.0 = Debug|Any CPU
		{31B4C50A-28F3-476B-81AF-09606DDCFDEE}.Debug|x86.ActiveCfg = Debug|Any CPU
		{31B4C50A-28F3-476B-81AF-09606DDCFDEE}.Debug|x86.Build.0 = Debug|Any CPU
		{31B4C50A-28F3-476B-81AF-09606DDCFDEE}.Release|Any CPU.ActiveCfg = Release|Any CPU
		{31B4C50A-28F3-476B-81AF-09606DDCFDEE}.Release|Any CPU.Build.0 = Release|Any CPU
		{31B4C50A-28F3-476B-81AF-09606DDCFDEE}.Release|x64.ActiveCfg = Release|Any CPU
		{31B4C50A-28F3-476B-81AF-09606DDCFDEE}.Release|x64.Build.0 = Release|Any CPU
		{31B4C50A-28F3-476B-81AF-09606DDCFDEE}.Release|x86.ActiveCfg = Release|Any CPU
		{31B4C50A-28F3-476B-81AF-09606DDCFDEE}.Release|x86.Build.0 = Release|Any CPU
		{C952712D-BB17-4973-B871-A13F7AB754AA}.Debug|Any CPU.ActiveCfg = Debug|Any CPU
		{C952712D-BB17-4973-B871-A13F7AB754AA}.Debug|Any CPU.Build.0 = Debug|Any CPU
		{C952712D-BB17-4973-B871-A13F7AB754AA}.Debug|x64.ActiveCfg = Debug|Any CPU
		{C952712D-BB17-4973-B871-A13F7AB754AA}.Debug|x64.Build.0 = Debug|Any CPU
		{C952712D-BB17-4973-B871-A13F7AB754AA}.Debug|x86.ActiveCfg = Debug|Any CPU
		{C952712D-BB17-4973-B871-A13F7AB754AA}.Debug|x86.Build.0 = Debug|Any CPU
		{C952712D-BB17-4973-B871-A13F7AB754AA}.Release|Any CPU.ActiveCfg = Release|Any CPU
		{C952712D-BB17-4973-B871-A13F7AB754AA}.Release|Any CPU.Build.0 = Release|Any CPU
		{C952712D-BB17-4973-B871-A13F7AB754AA}.Release|x64.ActiveCfg = Release|Any CPU
		{C952712D-BB17-4973-B871-A13F7AB754AA}.Release|x64.Build.0 = Release|Any CPU
		{C952712D-BB17-4973-B871-A13F7AB754AA}.Release|x86.ActiveCfg = Release|Any CPU
		{C952712D-BB17-4973-B871-A13F7AB754AA}.Release|x86.Build.0 = Release|Any CPU
		{174C4F5E-030A-4E2E-AF0A-4BC8D03E86F4}.Debug|Any CPU.ActiveCfg = Debug|Any CPU
		{174C4F5E-030A-4E2E-AF0A-4BC8D03E86F4}.Debug|Any CPU.Build.0 = Debug|Any CPU
		{174C4F5E-030A-4E2E-AF0A-4BC8D03E86F4}.Debug|x64.ActiveCfg = Debug|Any CPU
		{174C4F5E-030A-4E2E-AF0A-4BC8D03E86F4}.Debug|x64.Build.0 = Debug|Any CPU
		{174C4F5E-030A-4E2E-AF0A-4BC8D03E86F4}.Debug|x86.ActiveCfg = Debug|Any CPU
		{174C4F5E-030A-4E2E-AF0A-4BC8D03E86F4}.Debug|x86.Build.0 = Debug|Any CPU
		{174C4F5E-030A-4E2E-AF0A-4BC8D03E86F4}.Release|Any CPU.ActiveCfg = Release|Any CPU
		{174C4F5E-030A-4E2E-AF0A-4BC8D03E86F4}.Release|Any CPU.Build.0 = Release|Any CPU
		{174C4F5E-030A-4E2E-AF0A-4BC8D03E86F4}.Release|x64.ActiveCfg = Release|Any CPU
		{174C4F5E-030A-4E2E-AF0A-4BC8D03E86F4}.Release|x64.Build.0 = Release|Any CPU
		{174C4F5E-030A-4E2E-AF0A-4BC8D03E86F4}.Release|x86.ActiveCfg = Release|Any CPU
		{174C4F5E-030A-4E2E-AF0A-4BC8D03E86F4}.Release|x86.Build.0 = Release|Any CPU
		{7A83E482-561D-4A0F-A501-82940EC307E5}.Debug|Any CPU.ActiveCfg = Debug|Any CPU
		{7A83E482-561D-4A0F-A501-82940EC307E5}.Debug|Any CPU.Build.0 = Debug|Any CPU
		{7A83E482-561D-4A0F-A501-82940EC307E5}.Debug|x64.ActiveCfg = Debug|Any CPU
		{7A83E482-561D-4A0F-A501-82940EC307E5}.Debug|x64.Build.0 = Debug|Any CPU
		{7A83E482-561D-4A0F-A501-82940EC307E5}.Debug|x86.ActiveCfg = Debug|Any CPU
		{7A83E482-561D-4A0F-A501-82940EC307E5}.Debug|x86.Build.0 = Debug|Any CPU
		{7A83E482-561D-4A0F-A501-82940EC307E5}.Release|Any CPU.ActiveCfg = Release|Any CPU
		{7A83E482-561D-4A0F-A501-82940EC307E5}.Release|Any CPU.Build.0 = Release|Any CPU
		{7A83E482-561D-4A0F-A501-82940EC307E5}.Release|x64.ActiveCfg = Release|Any CPU
		{7A83E482-561D-4A0F-A501-82940EC307E5}.Release|x64.Build.0 = Release|Any CPU
		{7A83E482-561D-4A0F-A501-82940EC307E5}.Release|x86.ActiveCfg = Release|Any CPU
		{7A83E482-561D-4A0F-A501-82940EC307E5}.Release|x86.Build.0 = Release|Any CPU
	EndGlobalSection
	GlobalSection(SolutionProperties) = preSolution
		HideSolutionNode = FALSE
	EndGlobalSection
	GlobalSection(NestedProjects) = preSolution
		{31B4C50A-28F3-476B-81AF-09606DDCFDEE} = {5830BBED-9589-43AB-B7C3-F6882F3B1AC3}
		{C952712D-BB17-4973-B871-A13F7AB754AA} = {6B4D32A0-0652-42ED-95A3-2BE7795A965F}
		{174C4F5E-030A-4E2E-AF0A-4BC8D03E86F4} = {6B4D32A0-0652-42ED-95A3-2BE7795A965F}
		{7A83E482-561D-4A0F-A501-82940EC307E5} = {6B4D32A0-0652-42ED-95A3-2BE7795A965F}
	EndGlobalSection
	GlobalSection(ExtensibilityGlobals) = postSolution
		SolutionGuid = {DFC28E2B-2B0E-4081-9AE8-C6CF13370A2F}
	EndGlobalSection
EndGlobal
